// !$*UTF8*$!
{
	archiveVersion = 1;
	classes = {
	};
	objectVersion = 46;
	objects = {

/* Begin PBXBuildFile section */
		54D8CF8E1E44860800E9072B /* main.m in Sources */ = {isa = PBXBuildFile; fileRef = 54D8CF8D1E44860800E9072B /* main.m */; };
		54D8CF911E44860800E9072B /* AppDelegate.m in Sources */ = {isa = PBXBuildFile; fileRef = 54D8CF901E44860800E9072B /* AppDelegate.m */; };
		54D8CF941E44860800E9072B /* ViewController.m in Sources */ = {isa = PBXBuildFile; fileRef = 54D8CF931E44860800E9072B /* ViewController.m */; };
		54D8CF971E44860800E9072B /* Main.storyboard in Resources */ = {isa = PBXBuildFile; fileRef = 54D8CF951E44860800E9072B /* Main.storyboard */; };
		54D8CF991E44860800E9072B /* Assets.xcassets in Resources */ = {isa = PBXBuildFile; fileRef = 54D8CF981E44860800E9072B /* Assets.xcassets */; };
		54D8CF9C1E44860800E9072B /* LaunchScreen.storyboard in Resources */ = {isa = PBXBuildFile; fileRef = 54D8CF9A1E44860800E9072B /* LaunchScreen.storyboard */; };
/* End PBXBuildFile section */

/* Begin PBXFileReference section */
		54D8CF891E44860800E9072B /* promiseKitTest.app */ = {isa = PBXFileReference; explicitFileType = wrapper.application; includeInIndex = 0; path = promiseKitTest.app; sourceTree = BUILT_PRODUCTS_DIR; };
		54D8CF8D1E44860800E9072B /* main.m */ = {isa = PBXFileReference; lastKnownFileType = sourcecode.c.objc; path = main.m; sourceTree = "<group>"; };
		54D8CF8F1E44860800E9072B /* AppDelegate.h */ = {isa = PBXFileReference; lastKnownFileType = sourcecode.c.h; path = AppDelegate.h; sourceTree = "<group>"; };
		54D8CF901E44860800E9072B /* AppDelegate.m */ = {isa = PBXFileReference; lastKnownFileType = sourcecode.c.objc; path = AppDelegate.m; sourceTree = "<group>"; };
		54D8CF921E44860800E9072B /* ViewController.h */ = {isa = PBXFileReference; lastKnownFileType = sourcecode.c.h; path = ViewController.h; sourceTree = "<group>"; };
		54D8CF931E44860800E9072B /* ViewController.m */ = {isa = PBXFileReference; lastKnownFileType = sourcecode.c.objc; path = ViewController.m; sourceTree = "<group>"; };
		54D8CF961E44860800E9072B /* Base */ = {isa = PBXFileReference; lastKnownFileType = file.storyboard; name = Base; path = Base.lproj/Main.storyboard; sourceTree = "<group>"; };
		54D8CF981E44860800E9072B /* Assets.xcassets */ = {isa = PBXFileReference; lastKnownFileType = folder.assetcatalog; path = Assets.xcassets; sourceTree = "<group>"; };
		54D8CF9B1E44860800E9072B /* Base */ = {isa = PBXFileReference; lastKnownFileType = file.storyboard; name = Base; path = Base.lproj/LaunchScreen.storyboard; sourceTree = "<group>"; };
		54D8CF9D1E44860800E9072B /* Info.plist */ = {isa = PBXFileReference; lastKnownFileType = text.plist.xml; path = Info.plist; sourceTree = "<group>"; };
/* End PBXFileReference section */

/* Begin PBXFrameworksBuildPhase section */
		54D8CF861E44860700E9072B /* Frameworks */ = {
			isa = PBXFrameworksBuildPhase;
			buildActionMask = 2147483647;
			files = (
			);
			runOnlyForDeploymentPostprocessing = 0;
		};
/* End PBXFrameworksBuildPhase section */

/* Begin PBXGroup section */
		54D8CF801E44860700E9072B = {
			isa = PBXGroup;
			children = (
				54D8CF8B1E44860800E9072B /* promiseKitTest */,
				54D8CF8A1E44860800E9072B /* Products */,
			);
			sourceTree = "<group>";
		};
		54D8CF8A1E44860800E9072B /* Products */ = {
			isa = PBXGroup;
			children = (
				54D8CF891E44860800E9072B /* promiseKitTest.app */,
			);
			name = Products;
			sourceTree = "<group>";
		};
		54D8CF8B1E44860800E9072B /* promiseKitTest */ = {
			isa = PBXGroup;
			children = (
				54D8CF8F1E44860800E9072B /* AppDelegate.h */,
				54D8CF901E44860800E9072B /* AppDelegate.m */,
				54D8CF921E44860800E9072B /* ViewController.h */,
				54D8CF931E44860800E9072B /* ViewController.m */,
				54D8CF951E44860800E9072B /* Main.storyboard */,
				54D8CF981E44860800E9072B /* Assets.xcassets */,
				54D8CF9A1E44860800E9072B /* LaunchScreen.storyboard */,
				54D8CF9D1E44860800E9072B /* Info.plist */,
				54D8CF8C1E44860800E9072B /* Supporting Files */,
			);
			path = promiseKitTest;
			sourceTree = "<group>";
		};
		54D8CF8C1E44860800E9072B /* Supporting Files */ = {
			isa = PBXGroup;
			children = (
				54D8CF8D1E44860800E9072B /* main.m */,
			);
			name = "Supporting Files";
			sourceTree = "<group>";
		};
/* End PBXGroup section */

/* Begin PBXNativeTarget section */
		54D8CF881E44860700E9072B /* promiseKitTest */ = {
			isa = PBXNativeTarget;
			buildConfigurationList = 54D8CFA01E44860800E9072B /* Build configuration list for PBXNativeTarget "promiseKitTest" */;
			buildPhases = (
				54D8CF851E44860700E9072B /* Sources */,
				54D8CF861E44860700E9072B /* Frameworks */,
				54D8CF871E44860700E9072B /* Resources */,
			);
			buildRules = (
			);
			dependencies = (
			);
			name = promiseKitTest;
			productName = promiseKitTest;
			productReference = 54D8CF891E44860800E9072B /* promiseKitTest.app */;
			productType = "com.apple.product-type.application";
		};
/* End PBXNativeTarget section */

/* Begin PBXProject section */
		54D8CF811E44860700E9072B /* Project object */ = {
			isa = PBXProject;
			attributes = {
				LastUpgradeCheck = 0820;
				ORGANIZATIONNAME = ws;
				TargetAttributes = {
					54D8CF881E44860700E9072B = {
						CreatedOnToolsVersion = 8.2.1;
						ProvisioningStyle = Automatic;
					};
				};
			};
			buildConfigurationList = 54D8CF841E44860700E9072B /* Build configuration list for PBXProject "promiseKitTest" */;
			compatibilityVersion = "Xcode 3.2";
			developmentRegion = English;
			hasScannedForEncodings = 0;
			knownRegions = (
				en,
				Base,
			);
			mainGroup = 54D8CF801E44860700E9072B;
			productRefGroup = 54D8CF8A1E44860800E9072B /* Products */;
			projectDirPath = "";
			projectRoot = "";
			targets = (
				54D8CF881E44860700E9072B /* promiseKitTest */,
			);
		};
/* End PBXProject section */

/* Begin PBXResourcesBuildPhase section */
		54D8CF871E44860700E9072B /* Resources */ = {
			isa = PBXResourcesBuildPhase;
			buildActionMask = 2147483647;
			files = (
				54D8CF9C1E44860800E9072B /* LaunchScreen.storyboard in Resources */,
				54D8CF991E44860800E9072B /* Assets.xcassets in Resources */,
				54D8CF971E44860800E9072B /* Main.storyboard in Resources */,
			);
			runOnlyForDeploymentPostprocessing = 0;
		};
/* End PBXResourcesBuildPhase section */

/* Begin PBXSourcesBuildPhase section */
		54D8CF851E44860700E9072B /* Sources */ = {
			isa = PBXSourcesBuildPhase;
			buildActionMask = 2147483647;
			files = (
				54D8CF941E44860800E9072B /* ViewController.m in Sources */,
				54D8CF911E44860800E9072B /* AppDelegate.m in Sources */,
				54D8CF8E1E44860800E9072B /* main.m in Sources */,
			);
			runOnlyForDeploymentPostprocessing = 0;
		};
/* End PBXSourcesBuildPhase section */

/* Begin PBXVariantGroup section */
		54D8CF951E44860800E9072B /* Main.storyboard */ = {
			isa = PBXVariantGroup;
			children = (
				54D8CF961E44860800E9072B /* Base */,
			);
			name = Main.storyboard;
			sourceTree = "<group>";
		};
		54D8CF9A1E44860800E9072B /* LaunchScreen.storyboard */ = {
			isa = PBXVariantGroup;
			children = (
				54D8CF9B1E44860800E9072B /* Base */,
			);
			name = LaunchScreen.storyboard;
			sourceTree = "<group>";
		};
/* End PBXVariantGroup section */

/* Begin XCBuildConfiguration section */
		54D8CF9E1E44860800E9072B /* Debug */ = {
			isa = XCBuildConfiguration;
			buildSettings = {
				ALWAYS_SEARCH_USER_PATHS = NO;
				CLANG_ANALYZER_NONNULL = YES;
				CLANG_CXX_LANGUAGE_STANDARD = "gnu++0x";
				CLANG_CXX_LIBRARY = "libc++";
				CLANG_ENABLE_MODULES = YES;
				CLANG_ENABLE_OBJC_ARC = YES;
				CLANG_WARN_BOOL_CONVERSION = YES;
				CLANG_WARN_CONSTANT_CONVERSION = YES;
				CLANG_WARN_DIRECT_OBJC_ISA_USAGE = YES_ERROR;
				CLANG_WARN_DOCUMENTATION_COMMENTS = YES;
				CLANG_WARN_EMPTY_BODY = YES;
				CLANG_WARN_ENUM_CONVERSION = YES;
				CLANG_WARN_INFINITE_RECURSION = YES;
				CLANG_WARN_INT_CONVERSION = YES;
				CLANG_WARN_OBJC_ROOT_CLASS = YES_ERROR;
				CLANG_WARN_SUSPICIOUS_MOVE = YES;
				CLANG_WARN_UNREACHABLE_CODE = YES;
				CLANG_WARN__DUPLICATE_METHOD_MATCH = YES;
				"CODE_SIGN_IDENTITY[sdk=iphoneos*]" = "iPhone Developer";
				COPY_PHASE_STRIP = NO;
				DEBUG_INFORMATION_FORMAT = dwarf;
				ENABLE_STRICT_OBJC_MSGSEND = YES;
				ENABLE_TESTABILITY = YES;
				GCC_C_LANGUAGE_STANDARD = gnu99;
				GCC_DYNAMIC_NO_PIC = NO;
				GCC_NO_COMMON_BLOCKS = YES;
				GCC_OPTIMIZATION_LEVEL = 0;
				GCC_PREPROCESSOR_DEFINITIONS = (
					"DEBUG=1",
					"$(inherited)",
				);
				GCC_WARN_64_TO_32_BIT_CONVERSION = YES;
				GCC_WARN_ABOUT_RETURN_TYPE = YES_ERROR;
				GCC_WARN_UNDECLARED_SELECTOR = YES;
				GCC_WARN_UNINITIALIZED_AUTOS = YES_AGGRESSIVE;
				GCC_WARN_UNUSED_FUNCTION = YES;
				GCC_WARN_UNUSED_VARIABLE = YES;
				IPHONEOS_DEPLOYMENT_TARGET = 10.2;
				MTL_ENABLE_DEBUG_INFO = YES;
				ONLY_ACTIVE_ARCH = YES;
				SDKROOT = iphoneos;
				TARGETED_DEVICE_FAMILY = "1,2";
			};
			name = Debug;
		};
		54D8CF9F1E44860800E9072B /* Release */ = {
			isa = XCBuildConfiguration;
			buildSettings = {
				ALWAYS_SEARCH_USER_PATHS = NO;
				CLANG_ANALYZER_NONNULL = YES;
				CLANG_CXX_LANGUAGE_STANDARD = "gnu++0x";
				CLANG_CXX_LIBRARY = "libc++";
				CLANG_ENABLE_MODULES = YES;
				CLANG_ENABLE_OBJC_ARC = YES;
				CLANG_WARN_BOOL_CONVERSION = YES;
				CLANG_WARN_CONSTANT_CONVERSION = YES;
				CLANG_WARN_DIRECT_OBJC_ISA_USAGE = YES_ERROR;
				CLANG_WARN_DOCUMENTATION_COMMENTS = YES;
				CLANG_WARN_EMPTY_BODY = YES;
				CLANG_WARN_ENUM_CONVERSION = YES;
				CLANG_WARN_INFINITE_RECURSION = YES;
				CLANG_WARN_INT_CONVERSION = YES;
				CLANG_WARN_OBJC_ROOT_CLASS = YES_ERROR;
				CLANG_WARN_SUSPICIOUS_MOVE = YES;
				CLANG_WARN_UNREACHABLE_CODE = YES;
				CLANG_WARN__DUPLICATE_METHOD_MATCH = YES;
				"CODE_SIGN_IDENTITY[sdk=iphoneos*]" = "iPhone Developer";
				COPY_PHASE_STRIP = NO;
				DEBUG_INFORMATION_FORMAT = "dwarf-with-dsym";
				ENABLE_NS_ASSERTIONS = NO;
				ENABLE_STRICT_OBJC_MSGSEND = YES;
				GCC_C_LANGUAGE_STANDARD = gnu99;
				GCC_NO_COMMON_BLOCKS = YES;
				GCC_WARN_64_TO_32_BIT_CONVERSION = YES;
				GCC_WARN_ABOUT_RETURN_TYPE = YES_ERROR;
				GCC_WARN_UNDECLARED_SELECTOR = YES;
				GCC_WARN_UNINITIALIZED_AUTOS = YES_AGGRESSIVE;
				GCC_WARN_UNUSED_FUNCTION = YES;
				GCC_WARN_UNUSED_VARIABLE = YES;
				IPHONEOS_DEPLOYMENT_TARGET = 10.2;
				MTL_ENABLE_DEBUG_INFO = NO;
				SDKROOT = iphoneos;
				TARGETED_DEVICE_FAMILY = "1,2";
				VALIDATE_PRODUCT = YES;
			};
			name = Release;
		};
		54D8CFA11E44860800E9072B /* Debug */ = {
			isa = XCBuildConfiguration;
			buildSettings = {
				ASSETCATALOG_COMPILER_APPICON_NAME = AppIcon;
				INFOPLIST_FILE = promiseKitTest/Info.plist;
				LD_RUNPATH_SEARCH_PATHS = "$(inherited) @executable_path/Frameworks";
				PRODUCT_BUNDLE_IDENTIFIER = ws.promiseKitTest;
				PRODUCT_NAME = "$(TARGET_NAME)";
			};
			name = Debug;
		};
		54D8CFA21E44860800E9072B /* Release */ = {
			isa = XCBuildConfiguration;
			buildSettings = {
				ASSETCATALOG_COMPILER_APPICON_NAME = AppIcon;
				INFOPLIST_FILE = promiseKitTest/Info.plist;
				LD_RUNPATH_SEARCH_PATHS = "$(inherited) @executable_path/Frameworks";
				PRODUCT_BUNDLE_IDENTIFIER = ws.promiseKitTest;
				PRODUCT_NAME = "$(TARGET_NAME)";
			};
			name = Release;
		};
/* End XCBuildConfiguration section */

/* Begin XCConfigurationList section */
		54D8CF841E44860700E9072B /* Build configuration list for PBXProject "promiseKitTest" */ = {
			isa = XCConfigurationList;
			buildConfigurations = (
				54D8CF9E1E44860800E9072B /* Debug */,
				54D8CF9F1E44860800E9072B /* Release */,
			);
			defaultConfigurationIsVisible = 0;
			defaultConfigurationName = Release;
		};
		54D8CFA01E44860800E9072B /* Build configuration list for PBXNativeTarget "promiseKitTest" */ = {
			isa = XCConfigurationList;
			buildConfigurations = (
				54D8CFA11E44860800E9072B /* Debug */,
				54D8CFA21E44860800E9072B /* Release */,
			);
			defaultConfigurationIsVisible = 0;
		};
/* End XCConfigurationList section */
	};
	rootObject = 54D8CF811E44860700E9072B /* Project object */;
}
